
Microsoft Visual Studio Solution File, Format Version 12.00
# Visual Studio Version 16
VisualStudioVersion = 16.0.31702.278
MinimumVisualStudioVersion = 10.0.40219.1
Project("{FAE04EC0-301F-11D3-BF4B-00C04F79EFBC}") = "ValeriaGutierrez", "ValeriaGutierrez.csproj", "{ED00C041-C44E-47FB-92F4-9CB5056A39F9}"
EndProject
Global
	GlobalSection(SolutionConfigurationPlatforms) = preSolution
		Debug|Any CPU = Debug|Any CPU
		Release|Any CPU = Release|Any CPU
	EndGlobalSection
	GlobalSection(ProjectConfigurationPlatforms) = postSolution
		{ED00C041-C44E-47FB-92F4-9CB5056A39F9}.Debug|Any CPU.ActiveCfg = Debug|Any CPU
		{ED00C041-C44E-47FB-92F4-9CB5056A39F9}.Debug|Any CPU.Build.0 = Debug|Any CPU
		{ED00C041-C44E-47FB-92F4-9CB5056A39F9}.Release|Any CPU.ActiveCfg = Release|Any CPU
		{ED00C041-C44E-47FB-92F4-9CB5056A39F9}.Release|Any CPU.Build.0 = Release|Any CPU
	EndGlobalSection
	GlobalSection(SolutionProperties) = preSolution
		HideSolutionNode = FALSE
	EndGlobalSection
	GlobalSection(ExtensibilityGlobals) = postSolution
		SolutionGuid = {03A45981-D127-462D-A57A-F67E5CC9B1D7}
	EndGlobalSection
EndGlobal
